<?xml version="1.0" encoding="utf-8"?>
<Project ToolsVersion="4.0" xmlns="http://schemas.microsoft.com/developer/msbuild/2003">
  <ItemGroup>
    <Filter Include="Source Files">
      <UniqueIdentifier>{4FC737F1-C7A5-4376-A066-2A32D752A2FF}</UniqueIdentifier>
      <Extensions>cpp;c;cc;cxx;def;odl;idl;hpj;bat;asm;asmx</Extensions>
    </Filter>
    <Filter Include="Header Files">
      <UniqueIdentifier>{93995380-89BD-4b04-88EB-625FBE52EBFB}</UniqueIdentifier>
      <Extensions>h;hpp;hxx;hm;inl;inc;xsd</Extensions>
    </Filter>
    <Filter Include="Resource Files">
      <UniqueIdentifier>{67DA6AB6-F800-4c08-8B7A-83BB121AAD01}</UniqueIdentifier>
      <Extensions>rc;ico;cur;bmp;dlg;rc2;rct;bin;rgs;gif;jpg;jpeg;jpe;resx;tiff;tif;png;wav;mfcribbon-ms</Extensions>
    </Filter>
    <Filter Include="Header Files\Components">
      <UniqueIdentifier>{8bddeb39-e299-44f1-a1b6-c3eaf07d7544}</UniqueIdentifier>
    </Filter>
    <Filter Include="Header Files\Components\Physics">
      <UniqueIdentifier>{79c9cbba-4189-48e8-8ec6-1302395eb718}</UniqueIdentifier>
    </Filter>
    <Filter Include="Source Files\Components">
      <UniqueIdentifier>{a9f0b822-ba6b-45f5-be7b-dafb40df0a70}</UniqueIdentifier>
    </Filter>
    <Filter Include="Source Files\Components\Physics">
      <UniqueIdentifier>{ca10efce-d889-4155-87fb-e3498ec95e0f}</UniqueIdentifier>
    </Filter>
    <Filter Include="Header Files\Components\Drawing">
      <UniqueIdentifier>{d2a68feb-acd9-47a9-9686-62399abfccf9}</UniqueIdentifier>
    </Filter>
    <Filter Include="Source Files\Components\Drawing">
      <UniqueIdentifier>{ce1db96c-444f-4522-86df-3fee33422e67}</UniqueIdentifier>
    </Filter>
    <Filter Include="Source Files\Utils">
      <UniqueIdentifier>{e6ac816b-9538-48cf-a876-adb44268d81f}</UniqueIdentifier>
    </Filter>
    <Filter Include="Header Files\Utils">
      <UniqueIdentifier>{5f1d7b16-2901-4c70-a11f-0048f6cadafb}</UniqueIdentifier>
    </Filter>
    <Filter Include="Header Files\Networking">
      <UniqueIdentifier>{ad33ba0a-550b-4773-9c47-1b97e4d9e9f7}</UniqueIdentifier>
    </Filter>
    <Filter Include="Source Files\Networking">
      <UniqueIdentifier>{5222fb4d-f0a9-4b9d-a8f1-bb229f96d6c0}</UniqueIdentifier>
    </Filter>
    <Filter Include="Header Files\Audio">
      <UniqueIdentifier>{205b9746-2734-4bc0-94b9-e278c8317bfa}</UniqueIdentifier>
    </Filter>
    <Filter Include="Header Files\ScreenManagement">
      <UniqueIdentifier>{149fc241-3ed4-4526-bd92-e7336906bc89}</UniqueIdentifier>
    </Filter>
    <Filter Include="Source Files\Audio">
      <UniqueIdentifier>{246839ee-b80a-4d1f-ad09-d6920d74b6d4}</UniqueIdentifier>
    </Filter>
    <Filter Include="Source Files\ScreenManagement">
      <UniqueIdentifier>{b73a00d6-e107-43eb-9652-2f5d1cc5542f}</UniqueIdentifier>
    </Filter>
  </ItemGroup>
  <ItemGroup>
    <ClInclude Include="Engine.h">
      <Filter>Header Files</Filter>
    </ClInclude>
    <ClInclude Include="BoxPhysicsObject.h">
      <Filter>Header Files\Components\Physics</Filter>
    </ClInclude>
    <ClInclude Include="CirclePhysicsObject.h">
      <Filter>Header Files\Components\Physics</Filter>
    </ClInclude>
    <ClInclude Include="PhysicsObject.h">
      <Filter>Header Files\Components\Physics</Filter>
    </ClInclude>
    <ClInclude Include="AnimatedSprite.h">
      <Filter>Header Files\Components\Drawing</Filter>
    </ClInclude>
    <ClInclude Include="Sprite.h">
      <Filter>Header Files\Components\Drawing</Filter>
    </ClInclude>
    <ClInclude Include="DebugDraw.h">
      <Filter>Header Files\Utils</Filter>
    </ClInclude>
    <ClInclude Include="Input.h">
      <Filter>Header Files\Utils</Filter>
    </ClInclude>
    <ClInclude Include="Keys.h">
      <Filter>Header Files\Utils</Filter>
    </ClInclude>
    <ClInclude Include="AnimatedPhysicsSprite.h">
      <Filter>Header Files\Components\Drawing</Filter>
    </ClInclude>
    <ClInclude Include="PhysicsSprite.h">
      <Filter>Header Files\Components\Drawing</Filter>
    </ClInclude>
    <ClInclude Include="ClientSocket.h">
      <Filter>Header Files\Networking</Filter>
    </ClInclude>
    <ClInclude Include="HostSocket.h">
      <Filter>Header Files\Networking</Filter>
    </ClInclude>
    <ClInclude Include="IP_Address.h">
      <Filter>Header Files\Networking</Filter>
    </ClInclude>
    <ClInclude Include="Network.h">
      <Filter>Header Files\Networking</Filter>
    </ClInclude>
    <ClInclude Include="TCPSocket.h">
      <Filter>Header Files\Networking</Filter>
    </ClInclude>
    <ClInclude Include="GameComponent.h">
      <Filter>Header Files\Components</Filter>
    </ClInclude>
    <ClInclude Include="Sound.h">
      <Filter>Header Files\Audio</Filter>
    </ClInclude>
    <ClInclude Include="SoundManager.h">
      <Filter>Header Files\Audio</Filter>
    </ClInclude>
    <ClInclude Include="Music.h">
      <Filter>Header Files\Audio</Filter>
    </ClInclude>
    <ClInclude Include="Camera.h">
      <Filter>Header Files\Utils</Filter>
    </ClInclude>
    <ClInclude Include="ContactListener.h">
      <Filter>Header Files\Utils</Filter>
    </ClInclude>
    <ClInclude Include="GameScreen.h">
      <Filter>Header Files\ScreenManagement</Filter>
    </ClInclude>
    <ClInclude Include="EngineFont.h">
      <Filter>Header Files\Utils</Filter>
    </ClInclude>
    <ClInclude Include="StateMachine.h">
      <Filter>Header Files</Filter>
    </ClInclude>
    <ClInclude Include="FrameRateCounter.h">
      <Filter>Header Files\Utils</Filter>
    </ClInclude>
    <ClInclude Include="C2DMatrix.h">
      <Filter>Header Files\Utils</Filter>
    </ClInclude>
    <ClInclude Include="MessageDispatcher.h">
      <Filter>Header Files\Utils</Filter>
    </ClInclude>
    <ClInclude Include="Telegram.h">
      <Filter>Header Files\Utils</Filter>
    </ClInclude>
    <ClInclude Include="Transformations.h">
      <Filter>Header Files\Utils</Filter>
    </ClInclude>
    <ClInclude Include="Utils.h">
      <Filter>Header Files\Utils</Filter>
    </ClInclude>
  </ItemGroup>
  <ItemGroup>
    <ClCompile Include="Engine.cpp">
      <Filter>Source Files</Filter>
    </ClCompile>
    <ClCompile Include="BoxPhysicsObject.cpp">
      <Filter>Source Files\Components\Physics</Filter>
    </ClCompile>
    <ClCompile Include="CirclePhysicsObject.cpp">
      <Filter>Source Files\Components\Physics</Filter>
    </ClCompile>
    <ClCompile Include="PhysicsObject.cpp">
      <Filter>Source Files\Components\Physics</Filter>
    </ClCompile>
    <ClCompile Include="AnimatedSprite.cpp">
      <Filter>Source Files\Components\Drawing</Filter>
    </ClCompile>
    <ClCompile Include="Sprite.cpp">
      <Filter>Source Files\Components\Drawing</Filter>
    </ClCompile>
    <ClCompile Include="Input.cpp">
      <Filter>Source Files\Utils</Filter>
    </ClCompile>
    <ClCompile Include="DebugDraw.cpp">
      <Filter>Source Files\Utils</Filter>
    </ClCompile>
    <ClCompile Include="AnimatedPhysicsSprite.cpp">
      <Filter>Source Files\Components\Drawing</Filter>
    </ClCompile>
    <ClCompile Include="PhysicsSprite.cpp">
      <Filter>Source Files\Components\Drawing</Filter>
    </ClCompile>
    <ClCompile Include="ClientSocket.cpp">
      <Filter>Source Files\Networking</Filter>
    </ClCompile>
    <ClCompile Include="HostSocket.cpp">
      <Filter>Source Files\Networking</Filter>
    </ClCompile>
    <ClCompile Include="IP_Address.cpp">
      <Filter>Source Files\Networking</Filter>
    </ClCompile>
    <ClCompile Include="Network.cpp">
      <Filter>Source Files\Networking</Filter>
    </ClCompile>
    <ClCompile Include="TCPSocket.cpp">
      <Filter>Source Files\Networking</Filter>
    </ClCompile>
    <ClCompile Include="GameComponent.cpp">
      <Filter>Source Files\Components</Filter>
    </ClCompile>
    <ClCompile Include="Music.cpp">
      <Filter>Source Files\Audio</Filter>
    </ClCompile>
    <ClCompile Include="Sound.cpp">
      <Filter>Source Files\Audio</Filter>
    </ClCompile>
    <ClCompile Include="SoundManager.cpp">
      <Filter>Source Files\Audio</Filter>
    </ClCompile>
    <ClCompile Include="ContactListener.cpp">
      <Filter>Source Files\Utils</Filter>
    </ClCompile>
    <ClCompile Include="Camera.cpp">
      <Filter>Source Files\Utils</Filter>
    </ClCompile>
    <ClCompile Include="EngineFont.cpp">
      <Filter>Source Files\Utils</Filter>
    </ClCompile>
    <ClCompile Include="GameScreen.cpp">
      <Filter>Source Files\ScreenManagement</Filter>
    </ClCompile>
    <ClCompile Include="FrameRateCounter.cpp">
      <Filter>Source Files\Utils</Filter>
    </ClCompile>
    <ClCompile Include="MessageDispatcher.cpp">
      <Filter>Source Files\Utils</Filter>
    </ClCompile>
  </ItemGroup>
</Project>