<?xml version="1.0" encoding="utf-8"?>
<Project ToolsVersion="4.0" xmlns="http://schemas.microsoft.com/developer/msbuild/2003">
  <ItemGroup>
    <Filter Include="Header Files">
      <UniqueIdentifier>{93995380-89BD-4b04-88EB-625FBE52EBFB}</UniqueIdentifier>
      <Extensions>h;hpp;hxx;hm;inl;inc;xsd</Extensions>
    </Filter>
    <Filter Include="Header Files\Components">
      <UniqueIdentifier>{228ac335-c23a-46b4-a714-3376c40a4258}</UniqueIdentifier>
    </Filter>
    <Filter Include="Header Files\Screens">
      <UniqueIdentifier>{82dc2fad-d1af-4e0e-b226-a5ad4ecf8635}</UniqueIdentifier>
    </Filter>
    <Filter Include="Source Files">
      <UniqueIdentifier>{4FC737F1-C7A5-4376-A066-2A32D752A2FF}</UniqueIdentifier>
      <Extensions>cpp;c;cc;cxx;def;odl;idl;hpj;bat;asm;asmx</Extensions>
    </Filter>
    <Filter Include="Source Files\Components">
      <UniqueIdentifier>{b8c5ec59-d9ff-4990-b443-57ec19919dc2}</UniqueIdentifier>
    </Filter>
    <Filter Include="Header Files\Cameras">
      <UniqueIdentifier>{cf79e4fd-d488-46c9-b276-463f35b6b920}</UniqueIdentifier>
    </Filter>
    <Filter Include="Source Files\Cameras">
      <UniqueIdentifier>{3ee8eeea-f09a-401a-938e-946d7048b8bd}</UniqueIdentifier>
    </Filter>
    <Filter Include="Source Files\Screens">
      <UniqueIdentifier>{09db1f35-b808-4c96-abcb-bc440ab6e8e3}</UniqueIdentifier>
    </Filter>
    <Filter Include="Header Files\Components\Player">
      <UniqueIdentifier>{9437825b-883a-49bf-87f5-fd32b35a1838}</UniqueIdentifier>
    </Filter>
    <Filter Include="Header Files\Components\Team">
      <UniqueIdentifier>{aa790e21-2fcc-460f-bc05-8df352b52feb}</UniqueIdentifier>
    </Filter>
    <Filter Include="Header Files\Components\Pitch">
      <UniqueIdentifier>{875ca974-701a-46d7-9d38-7ea3ec1e4e09}</UniqueIdentifier>
    </Filter>
    <Filter Include="Header Files\Components\UI">
      <UniqueIdentifier>{faa697c4-0a7e-4cd9-b558-f16f22c532be}</UniqueIdentifier>
    </Filter>
    <Filter Include="Source Files\Components\UI">
      <UniqueIdentifier>{d7070823-d1fc-4f31-a5db-a4f29a4ca7f6}</UniqueIdentifier>
    </Filter>
    <Filter Include="Source Files\Components\Pitch">
      <UniqueIdentifier>{d07f5f10-fc40-4809-9862-62d5a3762add}</UniqueIdentifier>
    </Filter>
    <Filter Include="Source Files\Components\Team">
      <UniqueIdentifier>{97d9f346-9452-4120-ada7-e647b77a242e}</UniqueIdentifier>
    </Filter>
    <Filter Include="Source Files\Components\Player">
      <UniqueIdentifier>{bd3150d0-b7aa-40d9-b758-c277d79e80c4}</UniqueIdentifier>
    </Filter>
  </ItemGroup>
  <ItemGroup>
    <ClInclude Include="Game.h">
      <Filter>Header Files</Filter>
    </ClInclude>
    <ClInclude Include="Ball.h">
      <Filter>Header Files\Components</Filter>
    </ClInclude>
    <ClInclude Include="TestScreen.h">
      <Filter>Header Files\Screens</Filter>
    </ClInclude>
    <ClInclude Include="SoccerMatch.h">
      <Filter>Header Files\Components</Filter>
    </ClInclude>
    <ClInclude Include="BallCamera.h">
      <Filter>Header Files\Cameras</Filter>
    </ClInclude>
    <ClInclude Include="SoccerMessages.h">
      <Filter>Header Files</Filter>
    </ClInclude>
    <ClInclude Include="Player.h">
      <Filter>Header Files\Components\Player</Filter>
    </ClInclude>
    <ClInclude Include="FieldPlayer.h">
      <Filter>Header Files\Components\Player</Filter>
    </ClInclude>
    <ClInclude Include="FieldPlayerStates.h">
      <Filter>Header Files\Components\Player</Filter>
    </ClInclude>
    <ClInclude Include="GoalKeeper.h">
      <Filter>Header Files\Components\Player</Filter>
    </ClInclude>
    <ClInclude Include="GoalKeeperStates.h">
      <Filter>Header Files\Components\Player</Filter>
    </ClInclude>
    <ClInclude Include="Team.h">
      <Filter>Header Files\Components\Team</Filter>
    </ClInclude>
    <ClInclude Include="TeamStates.h">
      <Filter>Header Files\Components\Team</Filter>
    </ClInclude>
    <ClInclude Include="Pitch.h">
      <Filter>Header Files\Components\Pitch</Filter>
    </ClInclude>
    <ClInclude Include="PitchBoundary.h">
      <Filter>Header Files\Components\Pitch</Filter>
    </ClInclude>
    <ClInclude Include="Goal.h">
      <Filter>Header Files\Components\Pitch</Filter>
    </ClInclude>
    <ClInclude Include="Radar.h">
      <Filter>Header Files\Components\UI</Filter>
    </ClInclude>
    <ClInclude Include="Scoreboard.h">
      <Filter>Header Files\Components\UI</Filter>
    </ClInclude>
    <ClInclude Include="PitchRegion.h">
      <Filter>Header Files\Components\Pitch</Filter>
    </ClInclude>
    <ClInclude Include="MainMenuScreen.h">
      <Filter>Header Files\Screens</Filter>
    </ClInclude>
    <ClInclude Include="SteeringBehaviors.h">
      <Filter>Header Files\Components\Player</Filter>
    </ClInclude>
    <ClInclude Include="SupportSpotCalculator.h">
      <Filter>Header Files\Components\Player</Filter>
    </ClInclude>
    <ClInclude Include="Smoother.h">
      <Filter>Header Files\Components\Player</Filter>
    </ClInclude>
    <ClInclude Include="ResultsScreen.h">
      <Filter>Header Files\Screens</Filter>
    </ClInclude>
    <ClInclude Include="PausedScreen.h">
      <Filter>Header Files</Filter>
    </ClInclude>
  </ItemGroup>
  <ItemGroup>
    <ClCompile Include="Game.cpp">
      <Filter>Source Files</Filter>
    </ClCompile>
    <ClCompile Include="main.cpp">
      <Filter>Source Files</Filter>
    </ClCompile>
    <ClCompile Include="Ball.cpp">
      <Filter>Source Files\Components</Filter>
    </ClCompile>
    <ClCompile Include="BallCamera.cpp">
      <Filter>Source Files\Cameras</Filter>
    </ClCompile>
    <ClCompile Include="SoccerMatch.cpp">
      <Filter>Source Files\Components</Filter>
    </ClCompile>
    <ClCompile Include="TestScreen.cpp">
      <Filter>Source Files\Screens</Filter>
    </ClCompile>
    <ClCompile Include="Radar.cpp">
      <Filter>Source Files\Components\UI</Filter>
    </ClCompile>
    <ClCompile Include="Scoreboard.cpp">
      <Filter>Source Files\Components\UI</Filter>
    </ClCompile>
    <ClCompile Include="Pitch.cpp">
      <Filter>Source Files\Components\Pitch</Filter>
    </ClCompile>
    <ClCompile Include="PitchBoundary.cpp">
      <Filter>Source Files\Components\Pitch</Filter>
    </ClCompile>
    <ClCompile Include="PitchRegion.cpp">
      <Filter>Source Files\Components\Pitch</Filter>
    </ClCompile>
    <ClCompile Include="Team.cpp">
      <Filter>Source Files\Components\Team</Filter>
    </ClCompile>
    <ClCompile Include="TeamStates.cpp">
      <Filter>Source Files\Components\Team</Filter>
    </ClCompile>
    <ClCompile Include="Player.cpp">
      <Filter>Source Files\Components\Player</Filter>
    </ClCompile>
    <ClCompile Include="Goal.cpp">
      <Filter>Source Files\Components\Pitch</Filter>
    </ClCompile>
    <ClCompile Include="FieldPlayer.cpp">
      <Filter>Source Files\Components\Player</Filter>
    </ClCompile>
    <ClCompile Include="FieldPlayerStates.cpp">
      <Filter>Source Files\Components\Player</Filter>
    </ClCompile>
    <ClCompile Include="GoalKeeper.cpp">
      <Filter>Source Files\Components\Player</Filter>
    </ClCompile>
    <ClCompile Include="GoalKeeperStates.cpp">
      <Filter>Source Files\Components\Player</Filter>
    </ClCompile>
    <ClCompile Include="MainMenuScreen.cpp">
      <Filter>Source Files\Screens</Filter>
    </ClCompile>
    <ClCompile Include="SteeringBehaviors.cpp">
      <Filter>Source Files\Components\Player</Filter>
    </ClCompile>
    <ClCompile Include="SupportSpotCalculator.cpp">
      <Filter>Source Files\Components</Filter>
    </ClCompile>
    <ClCompile Include="ResultsScreen.cpp">
      <Filter>Source Files\Screens</Filter>
    </ClCompile>
    <ClCompile Include="PausedScreen.cpp">
      <Filter>Source Files</Filter>
    </ClCompile>
  </ItemGroup>
</Project>